// !$*UTF8*$!
{
	archiveVersion = 1;
	classes = {
	};
	objectVersion = 56;
	objects = {

/* Begin PBXBuildFile section */
		26B23F1B2AA1E10900C0188B /* AppDelegate.m in Sources */ = {isa = PBXBuildFile; fileRef = 26B23F1A2AA1E10900C0188B /* AppDelegate.m */; };
		26B23F1E2AA1E10900C0188B /* SceneDelegate.m in Sources */ = {isa = PBXBuildFile; fileRef = 26B23F1D2AA1E10900C0188B /* SceneDelegate.m */; };
		26B23F212AA1E10900C0188B /* ViewController.m in Sources */ = {isa = PBXBuildFile; fileRef = 26B23F202AA1E10900C0188B /* ViewController.m */; };
		26B23F242AA1E10900C0188B /* Main.storyboard in Resources */ = {isa = PBXBuildFile; fileRef = 26B23F222AA1E10900C0188B /* Main.storyboard */; };
		26B23F262AA1E10B00C0188B /* Assets.xcassets in Resources */ = {isa = PBXBuildFile; fileRef = 26B23F252AA1E10B00C0188B /* Assets.xcassets */; };
		26B23F292AA1E10B00C0188B /* LaunchScreen.storyboard in Resources */ = {isa = PBXBuildFile; fileRef = 26B23F272AA1E10B00C0188B /* LaunchScreen.storyboard */; };
		26B23F2C2AA1E10B00C0188B /* main.m in Sources */ = {isa = PBXBuildFile; fileRef = 26B23F2B2AA1E10B00C0188B /* main.m */; };
		26B23F342AA1E2A200C0188B /* CollectionViewCell.m in Sources */ = {isa = PBXBuildFile; fileRef = 26B23F332AA1E2A200C0188B /* CollectionViewCell.m */; };
		26C1D00A2AA5A5C2004F9403 /* HKYMultiWindowView.m in Sources */ = {isa = PBXBuildFile; fileRef = 26C1D0092AA5A5C2004F9403 /* HKYMultiWindowView.m */; };
		26C1D00D2AA5A5DB004F9403 /* HKYWindowModel.m in Sources */ = {isa = PBXBuildFile; fileRef = 26C1D00C2AA5A5DB004F9403 /* HKYWindowModel.m */; };
/* End PBXBuildFile section */

/* Begin PBXFileReference section */
		26B23F162AA1E10900C0188B /* CollectionViewDemo.app */ = {isa = PBXFileReference; explicitFileType = wrapper.application; includeInIndex = 0; path = CollectionViewDemo.app; sourceTree = BUILT_PRODUCTS_DIR; };
		26B23F192AA1E10900C0188B /* AppDelegate.h */ = {isa = PBXFileReference; lastKnownFileType = sourcecode.c.h; path = AppDelegate.h; sourceTree = "<group>"; };
		26B23F1A2AA1E10900C0188B /* AppDelegate.m */ = {isa = PBXFileReference; lastKnownFileType = sourcecode.c.objc; path = AppDelegate.m; sourceTree = "<group>"; };
		26B23F1C2AA1E10900C0188B /* SceneDelegate.h */ = {isa = PBXFileReference; lastKnownFileType = sourcecode.c.h; path = SceneDelegate.h; sourceTree = "<group>"; };
		26B23F1D2AA1E10900C0188B /* SceneDelegate.m */ = {isa = PBXFileReference; lastKnownFileType = sourcecode.c.objc; path = SceneDelegate.m; sourceTree = "<group>"; };
		26B23F1F2AA1E10900C0188B /* ViewController.h */ = {isa = PBXFileReference; lastKnownFileType = sourcecode.c.h; path = ViewController.h; sourceTree = "<group>"; };
		26B23F202AA1E10900C0188B /* ViewController.m */ = {isa = PBXFileReference; lastKnownFileType = sourcecode.c.objc; path = ViewController.m; sourceTree = "<group>"; };
		26B23F232AA1E10900C0188B /* Base */ = {isa = PBXFileReference; lastKnownFileType = file.storyboard; name = Base; path = Base.lproj/Main.storyboard; sourceTree = "<group>"; };
		26B23F252AA1E10B00C0188B /* Assets.xcassets */ = {isa = PBXFileReference; lastKnownFileType = folder.assetcatalog; path = Assets.xcassets; sourceTree = "<group>"; };
		26B23F282AA1E10B00C0188B /* Base */ = {isa = PBXFileReference; lastKnownFileType = file.storyboard; name = Base; path = Base.lproj/LaunchScreen.storyboard; sourceTree = "<group>"; };
		26B23F2A2AA1E10B00C0188B /* Info.plist */ = {isa = PBXFileReference; lastKnownFileType = text.plist.xml; path = Info.plist; sourceTree = "<group>"; };
		26B23F2B2AA1E10B00C0188B /* main.m */ = {isa = PBXFileReference; lastKnownFileType = sourcecode.c.objc; path = main.m; sourceTree = "<group>"; };
		26B23F322AA1E2A200C0188B /* CollectionViewCell.h */ = {isa = PBXFileReference; lastKnownFileType = sourcecode.c.h; path = CollectionViewCell.h; sourceTree = "<group>"; };
		26B23F332AA1E2A200C0188B /* CollectionViewCell.m */ = {isa = PBXFileReference; lastKnownFileType = sourcecode.c.objc; path = CollectionViewCell.m; sourceTree = "<group>"; };
		26C1D0082AA5A5C2004F9403 /* HKYMultiWindowView.h */ = {isa = PBXFileReference; lastKnownFileType = sourcecode.c.h; path = HKYMultiWindowView.h; sourceTree = "<group>"; };
		26C1D0092AA5A5C2004F9403 /* HKYMultiWindowView.m */ = {isa = PBXFileReference; lastKnownFileType = sourcecode.c.objc; path = HKYMultiWindowView.m; sourceTree = "<group>"; };
		26C1D00B2AA5A5DB004F9403 /* HKYWindowModel.h */ = {isa = PBXFileReference; lastKnownFileType = sourcecode.c.h; path = HKYWindowModel.h; sourceTree = "<group>"; };
		26C1D00C2AA5A5DB004F9403 /* HKYWindowModel.m */ = {isa = PBXFileReference; lastKnownFileType = sourcecode.c.objc; path = HKYWindowModel.m; sourceTree = "<group>"; };
/* End PBXFileReference section */

/* Begin PBXFrameworksBuildPhase section */
		26B23F132AA1E10900C0188B /* Frameworks */ = {
			isa = PBXFrameworksBuildPhase;
			buildActionMask = 2147483647;
			files = (
			);
			runOnlyForDeploymentPostprocessing = 0;
		};
/* End PBXFrameworksBuildPhase section */

/* Begin PBXGroup section */
		2652059F2AA81E9E0032C35E /* HKYMultiWindowView */ = {
			isa = PBXGroup;
			children = (
				26C1D00B2AA5A5DB004F9403 /* HKYWindowModel.h */,
				26C1D00C2AA5A5DB004F9403 /* HKYWindowModel.m */,
				26C1D0082AA5A5C2004F9403 /* HKYMultiWindowView.h */,
				26C1D0092AA5A5C2004F9403 /* HKYMultiWindowView.m */,
			);
			path = HKYMultiWindowView;
			sourceTree = "<group>";
		};
		26B23F0D2AA1E10900C0188B = {
			isa = PBXGroup;
			children = (
				26B23F182AA1E10900C0188B /* CollectionViewDemo */,
				26B23F172AA1E10900C0188B /* Products */,
			);
			sourceTree = "<group>";
		};
		26B23F172AA1E10900C0188B /* Products */ = {
			isa = PBXGroup;
			children = (
				26B23F162AA1E10900C0188B /* CollectionViewDemo.app */,
			);
			name = Products;
			sourceTree = "<group>";
		};
		26B23F182AA1E10900C0188B /* CollectionViewDemo */ = {
			isa = PBXGroup;
			children = (
				26B23F192AA1E10900C0188B /* AppDelegate.h */,
				26B23F1A2AA1E10900C0188B /* AppDelegate.m */,
				26B23F1C2AA1E10900C0188B /* SceneDelegate.h */,
				26B23F1D2AA1E10900C0188B /* SceneDelegate.m */,
				26B23F1F2AA1E10900C0188B /* ViewController.h */,
				26B23F202AA1E10900C0188B /* ViewController.m */,
				2652059F2AA81E9E0032C35E /* HKYMultiWindowView */,
				26B23F322AA1E2A200C0188B /* CollectionViewCell.h */,
				26B23F332AA1E2A200C0188B /* CollectionViewCell.m */,
				26B23F222AA1E10900C0188B /* Main.storyboard */,
				26B23F252AA1E10B00C0188B /* Assets.xcassets */,
				26B23F272AA1E10B00C0188B /* LaunchScreen.storyboard */,
				26B23F2A2AA1E10B00C0188B /* Info.plist */,
				26B23F2B2AA1E10B00C0188B /* main.m */,
			);
			path = CollectionViewDemo;
			sourceTree = "<group>";
		};
/* End PBXGroup section */

/* Begin PBXNativeTarget section */
		26B23F152AA1E10900C0188B /* CollectionViewDemo */ = {
			isa = PBXNativeTarget;
			buildConfigurationList = 26B23F2F2AA1E10B00C0188B /* Build configuration list for PBXNativeTarget "CollectionViewDemo" */;
			buildPhases = (
				26B23F122AA1E10900C0188B /* Sources */,
				26B23F132AA1E10900C0188B /* Frameworks */,
				26B23F142AA1E10900C0188B /* Resources */,
			);
			buildRules = (
			);
			dependencies = (
			);
			name = CollectionViewDemo;
			productName = CollectionViewDemo;
			productReference = 26B23F162AA1E10900C0188B /* CollectionViewDemo.app */;
			productType = "com.apple.product-type.application";
		};
/* End PBXNativeTarget section */

/* Begin PBXProject section */
		26B23F0E2AA1E10900C0188B /* Project object */ = {
			isa = PBXProject;
			attributes = {
				BuildIndependentTargetsInParallel = 1;
				LastUpgradeCheck = 1420;
				TargetAttributes = {
					26B23F152AA1E10900C0188B = {
						CreatedOnToolsVersion = 14.2;
					};
				};
			};
			buildConfigurationList = 26B23F112AA1E10900C0188B /* Build configuration list for PBXProject "CollectionViewDemo" */;
			compatibilityVersion = "Xcode 14.0";
			developmentRegion = en;
			hasScannedForEncodings = 0;
			knownRegions = (
				en,
				Base,
			);
			mainGroup = 26B23F0D2AA1E10900C0188B;
			productRefGroup = 26B23F172AA1E10900C0188B /* Products */;
			projectDirPath = "";
			projectRoot = "";
			targets = (
				26B23F152AA1E10900C0188B /* CollectionViewDemo */,
			);
		};
/* End PBXProject section */

/* Begin PBXResourcesBuildPhase section */
		26B23F142AA1E10900C0188B /* Resources */ = {
			isa = PBXResourcesBuildPhase;
			buildActionMask = 2147483647;
			files = (
				26B23F292AA1E10B00C0188B /* LaunchScreen.storyboard in Resources */,
				26B23F262AA1E10B00C0188B /* Assets.xcassets in Resources */,
				26B23F242AA1E10900C0188B /* Main.storyboard in Resources */,
			);
			runOnlyForDeploymentPostprocessing = 0;
		};
/* End PBXResourcesBuildPhase section */

/* Begin PBXSourcesBuildPhase section */
		26B23F122AA1E10900C0188B /* Sources */ = {
			isa = PBXSourcesBuildPhase;
			buildActionMask = 2147483647;
			files = (
				26B23F212AA1E10900C0188B /* ViewController.m in Sources */,
				26B23F342AA1E2A200C0188B /* CollectionViewCell.m in Sources */,
				26C1D00D2AA5A5DB004F9403 /* HKYWindowModel.m in Sources */,
				26B23F1B2AA1E10900C0188B /* AppDelegate.m in Sources */,
				26B23F2C2AA1E10B00C0188B /* main.m in Sources */,
				26B23F1E2AA1E10900C0188B /* SceneDelegate.m in Sources */,
				26C1D00A2AA5A5C2004F9403 /* HKYMultiWindowView.m in Sources */,
			);
			runOnlyForDeploymentPostprocessing = 0;
		};
/* End PBXSourcesBuildPhase section */

/* Begin PBXVariantGroup section */
		26B23F222AA1E10900C0188B /* Main.storyboard */ = {
			isa = PBXVariantGroup;
			children = (
				26B23F232AA1E10900C0188B /* Base */,
			);
			name = Main.storyboard;
			sourceTree = "<group>";
		};
		26B23F272AA1E10B00C0188B /* LaunchScreen.storyboard */ = {
			isa = PBXVariantGroup;
			children = (
				26B23F282AA1E10B00C0188B /* Base */,
			);
			name = LaunchScreen.storyboard;
			sourceTree = "<group>";
		};
/* End PBXVariantGroup section */

/* Begin XCBuildConfiguration section */
		26B23F2D2AA1E10B00C0188B /* Debug */ = {
			isa = XCBuildConfiguration;
			buildSettings = {
				ALWAYS_SEARCH_USER_PATHS = NO;
				CLANG_ANALYZER_NONNULL = YES;
				CLANG_ANALYZER_NUMBER_OBJECT_CONVERSION = YES_AGGRESSIVE;
				CLANG_CXX_LANGUAGE_STANDARD = "gnu++20";
				CLANG_ENABLE_MODULES = YES;
				CLANG_ENABLE_OBJC_ARC = YES;
				CLANG_ENABLE_OBJC_WEAK = YES;
				CLANG_WARN_BLOCK_CAPTURE_AUTORELEASING = YES;
				CLANG_WARN_BOOL_CONVERSION = YES;
				CLANG_WARN_COMMA = YES;
				CLANG_WARN_CONSTANT_CONVERSION = YES;
				CLANG_WARN_DEPRECATED_OBJC_IMPLEMENTATIONS = YES;
				CLANG_WARN_DIRECT_OBJC_ISA_USAGE = YES_ERROR;
				CLANG_WARN_DOCUMENTATION_COMMENTS = YES;
				CLANG_WARN_EMPTY_BODY = YES;
				CLANG_WARN_ENUM_CONVERSION = YES;
				CLANG_WARN_INFINITE_RECURSION = YES;
				CLANG_WARN_INT_CONVERSION = YES;
				CLANG_WARN_NON_LITERAL_NULL_CONVERSION = YES;
				CLANG_WARN_OBJC_IMPLICIT_RETAIN_SELF = YES;
				CLANG_WARN_OBJC_LITERAL_CONVERSION = YES;
				CLANG_WARN_OBJC_ROOT_CLASS = YES_ERROR;
				CLANG_WARN_QUOTED_INCLUDE_IN_FRAMEWORK_HEADER = YES;
				CLANG_WARN_RANGE_LOOP_ANALYSIS = YES;
				CLANG_WARN_STRICT_PROTOTYPES = YES;
				CLANG_WARN_SUSPICIOUS_MOVE = YES;
				CLANG_WARN_UNGUARDED_AVAILABILITY = YES_AGGRESSIVE;
				CLANG_WARN_UNREACHABLE_CODE = YES;
				CLANG_WARN__DUPLICATE_METHOD_MATCH = YES;
				COPY_PHASE_STRIP = NO;
				DEBUG_INFORMATION_FORMAT = dwarf;
				ENABLE_STRICT_OBJC_MSGSEND = YES;
				ENABLE_TESTABILITY = YES;
				GCC_C_LANGUAGE_STANDARD = gnu11;
				GCC_DYNAMIC_NO_PIC = NO;
				GCC_NO_COMMON_BLOCKS = YES;
				GCC_OPTIMIZATION_LEVEL = 0;
				GCC_PREPROCESSOR_DEFINITIONS = (
					"DEBUG=1",
					"$(inherited)",
				);
				GCC_WARN_64_TO_32_BIT_CONVERSION = YES;
				GCC_WARN_ABOUT_RETURN_TYPE = YES_ERROR;
				GCC_WARN_UNDECLARED_SELECTOR = YES;
				GCC_WARN_UNINITIALIZED_AUTOS = YES_AGGRESSIVE;
				GCC_WARN_UNUSED_FUNCTION = YES;
				GCC_WARN_UNUSED_VARIABLE = YES;
				IPHONEOS_DEPLOYMENT_TARGET = 16.2;
				MTL_ENABLE_DEBUG_INFO = INCLUDE_SOURCE;
				MTL_FAST_MATH = YES;
				ONLY_ACTIVE_ARCH = YES;
				SDKROOT = iphoneos;
			};
			name = Debug;
		};
		26B23F2E2AA1E10B00C0188B /* Release */ = {
			isa = XCBuildConfiguration;
			buildSettings = {
				ALWAYS_SEARCH_USER_PATHS = NO;
				CLANG_ANALYZER_NONNULL = YES;
				CLANG_ANALYZER_NUMBER_OBJECT_CONVERSION = YES_AGGRESSIVE;
				CLANG_CXX_LANGUAGE_STANDARD = "gnu++20";
				CLANG_ENABLE_MODULES = YES;
				CLANG_ENABLE_OBJC_ARC = YES;
				CLANG_ENABLE_OBJC_WEAK = YES;
				CLANG_WARN_BLOCK_CAPTURE_AUTORELEASING = YES;
				CLANG_WARN_BOOL_CONVERSION = YES;
				CLANG_WARN_COMMA = YES;
				CLANG_WARN_CONSTANT_CONVERSION = YES;
				CLANG_WARN_DEPRECATED_OBJC_IMPLEMENTATIONS = YES;
				CLANG_WARN_DIRECT_OBJC_ISA_USAGE = YES_ERROR;
				CLANG_WARN_DOCUMENTATION_COMMENTS = YES;
				CLANG_WARN_EMPTY_BODY = YES;
				CLANG_WARN_ENUM_CONVERSION = YES;
				CLANG_WARN_INFINITE_RECURSION = YES;
				CLANG_WARN_INT_CONVERSION = YES;
				CLANG_WARN_NON_LITERAL_NULL_CONVERSION = YES;
				CLANG_WARN_OBJC_IMPLICIT_RETAIN_SELF = YES;
				CLANG_WARN_OBJC_LITERAL_CONVERSION = YES;
				CLANG_WARN_OBJC_ROOT_CLASS = YES_ERROR;
				CLANG_WARN_QUOTED_INCLUDE_IN_FRAMEWORK_HEADER = YES;
				CLANG_WARN_RANGE_LOOP_ANALYSIS = YES;
				CLANG_WARN_STRICT_PROTOTYPES = YES;
				CLANG_WARN_SUSPICIOUS_MOVE = YES;
				CLANG_WARN_UNGUARDED_AVAILABILITY = YES_AGGRESSIVE;
				CLANG_WARN_UNREACHABLE_CODE = YES;
				CLANG_WARN__DUPLICATE_METHOD_MATCH = YES;
				COPY_PHASE_STRIP = NO;
				DEBUG_INFORMATION_FORMAT = "dwarf-with-dsym";
				ENABLE_NS_ASSERTIONS = NO;
				ENABLE_STRICT_OBJC_MSGSEND = YES;
				GCC_C_LANGUAGE_STANDARD = gnu11;
				GCC_NO_COMMON_BLOCKS = YES;
				GCC_WARN_64_TO_32_BIT_CONVERSION = YES;
				GCC_WARN_ABOUT_RETURN_TYPE = YES_ERROR;
				GCC_WARN_UNDECLARED_SELECTOR = YES;
				GCC_WARN_UNINITIALIZED_AUTOS = YES_AGGRESSIVE;
				GCC_WARN_UNUSED_FUNCTION = YES;
				GCC_WARN_UNUSED_VARIABLE = YES;
				IPHONEOS_DEPLOYMENT_TARGET = 16.2;
				MTL_ENABLE_DEBUG_INFO = NO;
				MTL_FAST_MATH = YES;
				SDKROOT = iphoneos;
				VALIDATE_PRODUCT = YES;
			};
			name = Release;
		};
		26B23F302AA1E10B00C0188B /* Debug */ = {
			isa = XCBuildConfiguration;
			buildSettings = {
				ASSETCATALOG_COMPILER_APPICON_NAME = AppIcon;
				ASSETCATALOG_COMPILER_GLOBAL_ACCENT_COLOR_NAME = AccentColor;
				CODE_SIGN_STYLE = Automatic;
				CURRENT_PROJECT_VERSION = 1;
				DEVELOPMENT_TEAM = EMD3K6JT9N;
				GENERATE_INFOPLIST_FILE = YES;
				INFOPLIST_FILE = CollectionViewDemo/Info.plist;
				INFOPLIST_KEY_UIApplicationSupportsIndirectInputEvents = YES;
				INFOPLIST_KEY_UILaunchStoryboardName = LaunchScreen;
				INFOPLIST_KEY_UIMainStoryboardFile = Main;
				INFOPLIST_KEY_UISupportedInterfaceOrientations_iPad = "UIInterfaceOrientationPortrait UIInterfaceOrientationPortraitUpsideDown UIInterfaceOrientationLandscapeLeft UIInterfaceOrientationLandscapeRight";
				INFOPLIST_KEY_UISupportedInterfaceOrientations_iPhone = "UIInterfaceOrientationPortrait UIInterfaceOrientationLandscapeLeft UIInterfaceOrientationLandscapeRight";
				IPHONEOS_DEPLOYMENT_TARGET = 13.0;
				LD_RUNPATH_SEARCH_PATHS = (
					"$(inherited)",
					"@executable_path/Frameworks",
				);
				MARKETING_VERSION = 1.0;
				PRODUCT_BUNDLE_IDENTIFIER = com.uniview.CollectionViewDemo;
				PRODUCT_NAME = "$(TARGET_NAME)";
				SWIFT_EMIT_LOC_STRINGS = YES;
				TARGETED_DEVICE_FAMILY = "1,2";
			};
			name = Debug;
		};
		26B23F312AA1E10B00C0188B /* Release */ = {
			isa = XCBuildConfiguration;
			buildSettings = {
				ASSETCATALOG_COMPILER_APPICON_NAME = AppIcon;
				ASSETCATALOG_COMPILER_GLOBAL_ACCENT_COLOR_NAME = AccentColor;
				CODE_SIGN_STYLE = Automatic;
				CURRENT_PROJECT_VERSION = 1;
				DEVELOPMENT_TEAM = EMD3K6JT9N;
				GENERATE_INFOPLIST_FILE = YES;
				INFOPLIST_FILE = CollectionViewDemo/Info.plist;
				INFOPLIST_KEY_UIApplicationSupportsIndirectInputEvents = YES;
				INFOPLIST_KEY_UILaunchStoryboardName = LaunchScreen;
				INFOPLIST_KEY_UIMainStoryboardFile = Main;
				INFOPLIST_KEY_UISupportedInterfaceOrientations_iPad = "UIInterfaceOrientationPortrait UIInterfaceOrientationPortraitUpsideDown UIInterfaceOrientationLandscapeLeft UIInterfaceOrientationLandscapeRight";
				INFOPLIST_KEY_UISupportedInterfaceOrientations_iPhone = "UIInterfaceOrientationPortrait UIInterfaceOrientationLandscapeLeft UIInterfaceOrientationLandscapeRight";
				IPHONEOS_DEPLOYMENT_TARGET = 13.0;
				LD_RUNPATH_SEARCH_PATHS = (
					"$(inherited)",
					"@executable_path/Frameworks",
				);
				MARKETING_VERSION = 1.0;
				PRODUCT_BUNDLE_IDENTIFIER = com.uniview.CollectionViewDemo;
				PRODUCT_NAME = "$(TARGET_NAME)";
				SWIFT_EMIT_LOC_STRINGS = YES;
				TARGETED_DEVICE_FAMILY = "1,2";
			};
			name = Release;
		};
/* End XCBuildConfiguration section */

/* Begin XCConfigurationList section */
		26B23F112AA1E10900C0188B /* Build configuration list for PBXProject "CollectionViewDemo" */ = {
			isa = XCConfigurationList;
			buildConfigurations = (
				26B23F2D2AA1E10B00C0188B /* Debug */,
				26B23F2E2AA1E10B00C0188B /* Release */,
			);
			defaultConfigurationIsVisible = 0;
			defaultConfigurationName = Release;
		};
		26B23F2F2AA1E10B00C0188B /* Build configuration list for PBXNativeTarget "CollectionViewDemo" */ = {
			isa = XCConfigurationList;
			buildConfigurations = (
				26B23F302AA1E10B00C0188B /* Debug */,
				26B23F312AA1E10B00C0188B /* Release */,
			);
			defaultConfigurationIsVisible = 0;
			defaultConfigurationName = Release;
		};
/* End XCConfigurationList section */
	};
	rootObject = 26B23F0E2AA1E10900C0188B /* Project object */;
}
